
Microsoft Visual Studio Solution File, Format Version 12.00
# Visual Studio Version 17
VisualStudioVersion = 17.2.32630.192
MinimumVisualStudioVersion = 10.0.40219.1
Project("{9A19103F-16F7-4668-BE54-9A1E7A4F7556}") = "ConsoleApp1", "ConsoleApp1\ConsoleApp1.csproj", "{1A09B1BB-58C6-48C9-83DF-92A9461A22B5}"
EndProject
Project("{FAE04EC0-301F-11D3-BF4B-00C04F79EFBC}") = "Array of Object", "Array of Object\Array of Object.csproj", "{06CC391D-5320-428A-B199-4418B2EA1B29}"
EndProject
Project("{FAE04EC0-301F-11D3-BF4B-00C04F79EFBC}") = "Exercise 1", "Exercise 1\Exercise 1.csproj", "{072D0A2F-9482-40E6-9CC2-3B612BCFDB6B}"
EndProject
Global
	GlobalSection(SolutionConfigurationPlatforms) = preSolution
		Debug|Any CPU = Debug|Any CPU
		Release|Any CPU = Release|Any CPU
	EndGlobalSection
	GlobalSection(ProjectConfigurationPlatforms) = postSolution
		{1A09B1BB-58C6-48C9-83DF-92A9461A22B5}.Debug|Any CPU.ActiveCfg = Debug|Any CPU
		{1A09B1BB-58C6-48C9-83DF-92A9461A22B5}.Debug|Any CPU.Build.0 = Debug|Any CPU
		{1A09B1BB-58C6-48C9-83DF-92A9461A22B5}.Release|Any CPU.ActiveCfg = Release|Any CPU
		{1A09B1BB-58C6-48C9-83DF-92A9461A22B5}.Release|Any CPU.Build.0 = Release|Any CPU
		{06CC391D-5320-428A-B199-4418B2EA1B29}.Debug|Any CPU.ActiveCfg = Debug|Any CPU
		{06CC391D-5320-428A-B199-4418B2EA1B29}.Debug|Any CPU.Build.0 = Debug|Any CPU
		{06CC391D-5320-428A-B199-4418B2EA1B29}.Release|Any CPU.ActiveCfg = Release|Any CPU
		{06CC391D-5320-428A-B199-4418B2EA1B29}.Release|Any CPU.Build.0 = Release|Any CPU
		{072D0A2F-9482-40E6-9CC2-3B612BCFDB6B}.Debug|Any CPU.ActiveCfg = Debug|Any CPU
		{072D0A2F-9482-40E6-9CC2-3B612BCFDB6B}.Debug|Any CPU.Build.0 = Debug|Any CPU
		{072D0A2F-9482-40E6-9CC2-3B612BCFDB6B}.Release|Any CPU.ActiveCfg = Release|Any CPU
		{072D0A2F-9482-40E6-9CC2-3B612BCFDB6B}.Release|Any CPU.Build.0 = Release|Any CPU
	EndGlobalSection
	GlobalSection(SolutionProperties) = preSolution
		HideSolutionNode = FALSE
	EndGlobalSection
	GlobalSection(ExtensibilityGlobals) = postSolution
		SolutionGuid = {729647E1-D674-448D-8B8E-0FCB661C896B}
	EndGlobalSection
EndGlobal
